
Microsoft Visual Studio Solution File, Format Version 12.00
# Visual Studio Express 15 for Windows Desktop
VisualStudioVersion = 15.0.28307.1259
MinimumVisualStudioVersion = 10.0.40219.1
Project("{FAE04EC0-301F-11D3-BF4B-00C04F79EFBC}") = "02-01 DynamicArray", "DynamicArray\02-01 DynamicArray.csproj", "{6AECBDAC-442F-409D-9212-3037BD4839C9}"
EndProject
Project("{FAE04EC0-301F-11D3-BF4B-00C04F79EFBC}") = "03-01 SinglyLinkedList", "SinglyLinkedList\03-01 SinglyLinkedList.csproj", "{0F2A8249-6986-4B3B-8E84-3D4D5C57DE52}"
EndProject
Project("{FAE04EC0-301F-11D3-BF4B-00C04F79EFBC}") = "03-02 DoublyLinkedList", "DoublyLinkedList\03-02 DoublyLinkedList.csproj", "{85718715-76FC-4C70-ADC5-B0DEFFD0299D}"
EndProject
Project("{FAE04EC0-301F-11D3-BF4B-00C04F79EFBC}") = "03-03 CircularLinkedList", "CircularLinkedList\03-03 CircularLinkedList.csproj", "{DAD851DC-9414-4FC4-97FC-FF1722001903}"
EndProject
Project("{FAE04EC0-301F-11D3-BF4B-00C04F79EFBC}") = "03-04 DotNetLinkedList", "DotNetLinkedList\03-04 DotNetLinkedList.csproj", "{A4554C6F-ADA7-4178-B786-100C69E08E1A}"
EndProject
Project("{FAE04EC0-301F-11D3-BF4B-00C04F79EFBC}") = "02-02 DotnetDynamicArray", "DotnetDynamicArray\02-02 DotnetDynamicArray.csproj", "{AB818FE8-0554-4E8A-84E1-C1594D7ECDEA}"
EndProject
Project("{FAE04EC0-301F-11D3-BF4B-00C04F79EFBC}") = "04-01 QueueUsingCircularArray", "QueueUsingCircularArray\04-01 QueueUsingCircularArray.csproj", "{568361BB-F262-43D5-B0AC-F1879B7B7002}"
EndProject
Project("{FAE04EC0-301F-11D3-BF4B-00C04F79EFBC}") = "04-02 QueueUsingLinkedList", "QueueUsingLinkedList\04-02 QueueUsingLinkedList.csproj", "{49EA0382-2D3A-442E-814F-FBCFC9AC6BB0}"
EndProject
Project("{FAE04EC0-301F-11D3-BF4B-00C04F79EFBC}") = "04-03 DotnetQueue", "DotnetQueue\04-03 DotnetQueue.csproj", "{1CA62714-EEFE-4796-A6DC-95FF3F663462}"
EndProject
Project("{FAE04EC0-301F-11D3-BF4B-00C04F79EFBC}") = "04-04 DotnetConcurrentQueue", "DotnetConcurrentQueue\04-04 DotnetConcurrentQueue.csproj", "{012CC8DA-FFDF-423C-B5F0-94A98D0C2D23}"
EndProject
Project("{FAE04EC0-301F-11D3-BF4B-00C04F79EFBC}") = "05-01 StackUsingArray", "StackUsingArray\05-01 StackUsingArray.csproj", "{E3FC3AF9-B47C-4D82-85D6-E3A4C88A4C09}"
EndProject
Project("{FAE04EC0-301F-11D3-BF4B-00C04F79EFBC}") = "05-02 StackUsingLinkedList", "StackUsingLinkedList\05-02 StackUsingLinkedList.csproj", "{BEC79C44-4F67-45D5-AC27-B93F1A988C3C}"
EndProject
Project("{FAE04EC0-301F-11D3-BF4B-00C04F79EFBC}") = "05-03 DotnetStack", "DotnetStack\05-03 DotnetStack.csproj", "{EF77FBFC-BFD7-4FC2-A29F-77A280A03719}"
EndProject
Project("{FAE04EC0-301F-11D3-BF4B-00C04F79EFBC}") = "05-04 DotnetConcurrentStatck", "DotnetConcurrentStatck\05-04 DotnetConcurrentStatck.csproj", "{10702F8B-EAA2-4204-8536-BF5983A4AC98}"
EndProject
Project("{FAE04EC0-301F-11D3-BF4B-00C04F79EFBC}") = "05-05 Calculator", "Calculator\05-05 Calculator.csproj", "{B98AB6E2-8AF2-4564-9D62-81D4AFD36348}"
EndProject
Project("{FAE04EC0-301F-11D3-BF4B-00C04F79EFBC}") = "06-01 TreeNode", "TreeNode\06-01 TreeNode.csproj", "{B475864D-9554-48FC-96CE-31DCD7E347D1}"
EndProject
Project("{FAE04EC0-301F-11D3-BF4B-00C04F79EFBC}") = "06-02 LCRSNode", "LCRSNode\06-02 LCRSNode.csproj", "{6846B8E6-234E-4B51-93B6-2F3C44CE79C4}"
EndProject
Project("{FAE04EC0-301F-11D3-BF4B-00C04F79EFBC}") = "06-03 TreeTreversal", "TreeClass\06-03 TreeTreversal.csproj", "{A503F407-6D79-4A9A-98B9-FDEFAF44E69B}"
EndProject
Global
	GlobalSection(SolutionConfigurationPlatforms) = preSolution
		Debug|Any CPU = Debug|Any CPU
		Release|Any CPU = Release|Any CPU
	EndGlobalSection
	GlobalSection(ProjectConfigurationPlatforms) = postSolution
		{6AECBDAC-442F-409D-9212-3037BD4839C9}.Debug|Any CPU.ActiveCfg = Debug|Any CPU
		{6AECBDAC-442F-409D-9212-3037BD4839C9}.Debug|Any CPU.Build.0 = Debug|Any CPU
		{6AECBDAC-442F-409D-9212-3037BD4839C9}.Release|Any CPU.ActiveCfg = Release|Any CPU
		{6AECBDAC-442F-409D-9212-3037BD4839C9}.Release|Any CPU.Build.0 = Release|Any CPU
		{0F2A8249-6986-4B3B-8E84-3D4D5C57DE52}.Debug|Any CPU.ActiveCfg = Debug|Any CPU
		{0F2A8249-6986-4B3B-8E84-3D4D5C57DE52}.Debug|Any CPU.Build.0 = Debug|Any CPU
		{0F2A8249-6986-4B3B-8E84-3D4D5C57DE52}.Release|Any CPU.ActiveCfg = Release|Any CPU
		{0F2A8249-6986-4B3B-8E84-3D4D5C57DE52}.Release|Any CPU.Build.0 = Release|Any CPU
		{85718715-76FC-4C70-ADC5-B0DEFFD0299D}.Debug|Any CPU.ActiveCfg = Debug|Any CPU
		{85718715-76FC-4C70-ADC5-B0DEFFD0299D}.Debug|Any CPU.Build.0 = Debug|Any CPU
		{85718715-76FC-4C70-ADC5-B0DEFFD0299D}.Release|Any CPU.ActiveCfg = Release|Any CPU
		{85718715-76FC-4C70-ADC5-B0DEFFD0299D}.Release|Any CPU.Build.0 = Release|Any CPU
		{DAD851DC-9414-4FC4-97FC-FF1722001903}.Debug|Any CPU.ActiveCfg = Debug|Any CPU
		{DAD851DC-9414-4FC4-97FC-FF1722001903}.Debug|Any CPU.Build.0 = Debug|Any CPU
		{DAD851DC-9414-4FC4-97FC-FF1722001903}.Release|Any CPU.ActiveCfg = Release|Any CPU
		{DAD851DC-9414-4FC4-97FC-FF1722001903}.Release|Any CPU.Build.0 = Release|Any CPU
		{A4554C6F-ADA7-4178-B786-100C69E08E1A}.Debug|Any CPU.ActiveCfg = Debug|Any CPU
		{A4554C6F-ADA7-4178-B786-100C69E08E1A}.Debug|Any CPU.Build.0 = Debug|Any CPU
		{A4554C6F-ADA7-4178-B786-100C69E08E1A}.Release|Any CPU.ActiveCfg = Release|Any CPU
		{A4554C6F-ADA7-4178-B786-100C69E08E1A}.Release|Any CPU.Build.0 = Release|Any CPU
		{AB818FE8-0554-4E8A-84E1-C1594D7ECDEA}.Debug|Any CPU.ActiveCfg = Debug|Any CPU
		{AB818FE8-0554-4E8A-84E1-C1594D7ECDEA}.Debug|Any CPU.Build.0 = Debug|Any CPU
		{AB818FE8-0554-4E8A-84E1-C1594D7ECDEA}.Release|Any CPU.ActiveCfg = Release|Any CPU
		{AB818FE8-0554-4E8A-84E1-C1594D7ECDEA}.Release|Any CPU.Build.0 = Release|Any CPU
		{568361BB-F262-43D5-B0AC-F1879B7B7002}.Debug|Any CPU.ActiveCfg = Debug|Any CPU
		{568361BB-F262-43D5-B0AC-F1879B7B7002}.Debug|Any CPU.Build.0 = Debug|Any CPU
		{568361BB-F262-43D5-B0AC-F1879B7B7002}.Release|Any CPU.ActiveCfg = Release|Any CPU
		{568361BB-F262-43D5-B0AC-F1879B7B7002}.Release|Any CPU.Build.0 = Release|Any CPU
		{49EA0382-2D3A-442E-814F-FBCFC9AC6BB0}.Debug|Any CPU.ActiveCfg = Debug|Any CPU
		{49EA0382-2D3A-442E-814F-FBCFC9AC6BB0}.Debug|Any CPU.Build.0 = Debug|Any CPU
		{49EA0382-2D3A-442E-814F-FBCFC9AC6BB0}.Release|Any CPU.ActiveCfg = Release|Any CPU
		{49EA0382-2D3A-442E-814F-FBCFC9AC6BB0}.Release|Any CPU.Build.0 = Release|Any CPU
		{1CA62714-EEFE-4796-A6DC-95FF3F663462}.Debug|Any CPU.ActiveCfg = Debug|Any CPU
		{1CA62714-EEFE-4796-A6DC-95FF3F663462}.Debug|Any CPU.Build.0 = Debug|Any CPU
		{1CA62714-EEFE-4796-A6DC-95FF3F663462}.Release|Any CPU.ActiveCfg = Release|Any CPU
		{1CA62714-EEFE-4796-A6DC-95FF3F663462}.Release|Any CPU.Build.0 = Release|Any CPU
		{012CC8DA-FFDF-423C-B5F0-94A98D0C2D23}.Debug|Any CPU.ActiveCfg = Debug|Any CPU
		{012CC8DA-FFDF-423C-B5F0-94A98D0C2D23}.Debug|Any CPU.Build.0 = Debug|Any CPU
		{012CC8DA-FFDF-423C-B5F0-94A98D0C2D23}.Release|Any CPU.ActiveCfg = Release|Any CPU
		{012CC8DA-FFDF-423C-B5F0-94A98D0C2D23}.Release|Any CPU.Build.0 = Release|Any CPU
		{E3FC3AF9-B47C-4D82-85D6-E3A4C88A4C09}.Debug|Any CPU.ActiveCfg = Debug|Any CPU
		{E3FC3AF9-B47C-4D82-85D6-E3A4C88A4C09}.Debug|Any CPU.Build.0 = Debug|Any CPU
		{E3FC3AF9-B47C-4D82-85D6-E3A4C88A4C09}.Release|Any CPU.ActiveCfg = Release|Any CPU
		{E3FC3AF9-B47C-4D82-85D6-E3A4C88A4C09}.Release|Any CPU.Build.0 = Release|Any CPU
		{BEC79C44-4F67-45D5-AC27-B93F1A988C3C}.Debug|Any CPU.ActiveCfg = Debug|Any CPU
		{BEC79C44-4F67-45D5-AC27-B93F1A988C3C}.Debug|Any CPU.Build.0 = Debug|Any CPU
		{BEC79C44-4F67-45D5-AC27-B93F1A988C3C}.Release|Any CPU.ActiveCfg = Release|Any CPU
		{BEC79C44-4F67-45D5-AC27-B93F1A988C3C}.Release|Any CPU.Build.0 = Release|Any CPU
		{EF77FBFC-BFD7-4FC2-A29F-77A280A03719}.Debug|Any CPU.ActiveCfg = Debug|Any CPU
		{EF77FBFC-BFD7-4FC2-A29F-77A280A03719}.Debug|Any CPU.Build.0 = Debug|Any CPU
		{EF77FBFC-BFD7-4FC2-A29F-77A280A03719}.Release|Any CPU.ActiveCfg = Release|Any CPU
		{EF77FBFC-BFD7-4FC2-A29F-77A280A03719}.Release|Any CPU.Build.0 = Release|Any CPU
		{10702F8B-EAA2-4204-8536-BF5983A4AC98}.Debug|Any CPU.ActiveCfg = Debug|Any CPU
		{10702F8B-EAA2-4204-8536-BF5983A4AC98}.Debug|Any CPU.Build.0 = Debug|Any CPU
		{10702F8B-EAA2-4204-8536-BF5983A4AC98}.Release|Any CPU.ActiveCfg = Release|Any CPU
		{10702F8B-EAA2-4204-8536-BF5983A4AC98}.Release|Any CPU.Build.0 = Release|Any CPU
		{B98AB6E2-8AF2-4564-9D62-81D4AFD36348}.Debug|Any CPU.ActiveCfg = Debug|Any CPU
		{B98AB6E2-8AF2-4564-9D62-81D4AFD36348}.Debug|Any CPU.Build.0 = Debug|Any CPU
		{B98AB6E2-8AF2-4564-9D62-81D4AFD36348}.Release|Any CPU.ActiveCfg = Release|Any CPU
		{B98AB6E2-8AF2-4564-9D62-81D4AFD36348}.Release|Any CPU.Build.0 = Release|Any CPU
		{B475864D-9554-48FC-96CE-31DCD7E347D1}.Debug|Any CPU.ActiveCfg = Debug|Any CPU
		{B475864D-9554-48FC-96CE-31DCD7E347D1}.Debug|Any CPU.Build.0 = Debug|Any CPU
		{B475864D-9554-48FC-96CE-31DCD7E347D1}.Release|Any CPU.ActiveCfg = Release|Any CPU
		{B475864D-9554-48FC-96CE-31DCD7E347D1}.Release|Any CPU.Build.0 = Release|Any CPU
		{6846B8E6-234E-4B51-93B6-2F3C44CE79C4}.Debug|Any CPU.ActiveCfg = Debug|Any CPU
		{6846B8E6-234E-4B51-93B6-2F3C44CE79C4}.Debug|Any CPU.Build.0 = Debug|Any CPU
		{6846B8E6-234E-4B51-93B6-2F3C44CE79C4}.Release|Any CPU.ActiveCfg = Release|Any CPU
		{6846B8E6-234E-4B51-93B6-2F3C44CE79C4}.Release|Any CPU.Build.0 = Release|Any CPU
		{A503F407-6D79-4A9A-98B9-FDEFAF44E69B}.Debug|Any CPU.ActiveCfg = Debug|Any CPU
		{A503F407-6D79-4A9A-98B9-FDEFAF44E69B}.Debug|Any CPU.Build.0 = Debug|Any CPU
		{A503F407-6D79-4A9A-98B9-FDEFAF44E69B}.Release|Any CPU.ActiveCfg = Release|Any CPU
		{A503F407-6D79-4A9A-98B9-FDEFAF44E69B}.Release|Any CPU.Build.0 = Release|Any CPU
	EndGlobalSection
	GlobalSection(SolutionProperties) = preSolution
		HideSolutionNode = FALSE
	EndGlobalSection
	GlobalSection(ExtensibilityGlobals) = postSolution
		SolutionGuid = {11B745BE-A2FD-4E45-997F-72A7E7554C9D}
	EndGlobalSection
EndGlobal
